
Microsoft Visual Studio Solution File, Format Version 12.00
# Visual Studio 15
VisualStudioVersion = 15.0.28010.2048
MinimumVisualStudioVersion = 10.0.40219.1
Project("{FAE04EC0-301F-11D3-BF4B-00C04F79EFBC}") = "DBMVC", "DBMVC\DBMVC.csproj", "{C73DF6D1-F6CC-42FA-8B42-4FCF9F29A1FD}"
EndProject
Global
	GlobalSection(SolutionConfigurationPlatforms) = preSolution
		Debug|Any CPU = Debug|Any CPU
		Release|Any CPU = Release|Any CPU
	EndGlobalSection
	GlobalSection(ProjectConfigurationPlatforms) = postSolution
		{C73DF6D1-F6CC-42FA-8B42-4FCF9F29A1FD}.Debug|Any CPU.ActiveCfg = Debug|Any CPU
		{C73DF6D1-F6CC-42FA-8B42-4FCF9F29A1FD}.Debug|Any CPU.Build.0 = Debug|Any CPU
		{C73DF6D1-F6CC-42FA-8B42-4FCF9F29A1FD}.Release|Any CPU.ActiveCfg = Release|Any CPU
		{C73DF6D1-F6CC-42FA-8B42-4FCF9F29A1FD}.Release|Any CPU.Build.0 = Release|Any CPU
	EndGlobalSection
	GlobalSection(SolutionProperties) = preSolution
		HideSolutionNode = FALSE
	EndGlobalSection
	GlobalSection(ExtensibilityGlobals) = postSolution
		SolutionGuid = {35A1D0A2-E3F7-432F-AB20-A0719ACC0002}
	EndGlobalSection
EndGlobal
