
Microsoft Visual Studio Solution File, Format Version 12.00
# Visual Studio 15
VisualStudioVersion = 15.0.26430.14
MinimumVisualStudioVersion = 10.0.40219.1
Project("{FAE04EC0-301F-11D3-BF4B-00C04F79EFBC}") = "IntegrationPart", "IntegrationPart\IntegrationPart.csproj", "{3CD5814D-CAAB-446F-9B50-92C3623A6FA3}"
EndProject
Project("{FAE04EC0-301F-11D3-BF4B-00C04F79EFBC}") = "IntegrationPart.Tests", "IntegrationPart.Tests\IntegrationPart.Tests.csproj", "{46BE0261-498F-462D-B6D3-C5DB6B45D350}"
EndProject
Global
	GlobalSection(SolutionConfigurationPlatforms) = preSolution
		Debug|Any CPU = Debug|Any CPU
		Release|Any CPU = Release|Any CPU
	EndGlobalSection
	GlobalSection(ProjectConfigurationPlatforms) = postSolution
		{3CD5814D-CAAB-446F-9B50-92C3623A6FA3}.Debug|Any CPU.ActiveCfg = Debug|Any CPU
		{3CD5814D-CAAB-446F-9B50-92C3623A6FA3}.Debug|Any CPU.Build.0 = Debug|Any CPU
		{3CD5814D-CAAB-446F-9B50-92C3623A6FA3}.Release|Any CPU.ActiveCfg = Release|Any CPU
		{3CD5814D-CAAB-446F-9B50-92C3623A6FA3}.Release|Any CPU.Build.0 = Release|Any CPU
		{46BE0261-498F-462D-B6D3-C5DB6B45D350}.Debug|Any CPU.ActiveCfg = Debug|Any CPU
		{46BE0261-498F-462D-B6D3-C5DB6B45D350}.Debug|Any CPU.Build.0 = Debug|Any CPU
		{46BE0261-498F-462D-B6D3-C5DB6B45D350}.Release|Any CPU.ActiveCfg = Release|Any CPU
		{46BE0261-498F-462D-B6D3-C5DB6B45D350}.Release|Any CPU.Build.0 = Release|Any CPU
	EndGlobalSection
	GlobalSection(SolutionProperties) = preSolution
		HideSolutionNode = FALSE
	EndGlobalSection
EndGlobal
